// !$*UTF8*$!
{
	archiveVersion = 1;
	classes = {
	};
	objectVersion = 46;
	objects = {

/* Begin PBXBuildFile section */
		F3CD5BED1D7FBFDE0049DAF3 /* AppDelegate.swift in Sources */ = {isa = PBXBuildFile; fileRef = F3CD5BEC1D7FBFDE0049DAF3 /* AppDelegate.swift */; };
		F3CD5BEF1D7FBFDE0049DAF3 /* ViewController.swift in Sources */ = {isa = PBXBuildFile; fileRef = F3CD5BEE1D7FBFDE0049DAF3 /* ViewController.swift */; };
		F3CD5BF21D7FBFDE0049DAF3 /* Main.storyboard in Resources */ = {isa = PBXBuildFile; fileRef = F3CD5BF01D7FBFDE0049DAF3 /* Main.storyboard */; };
		F3CD5BF41D7FBFDE0049DAF3 /* Assets.xcassets in Resources */ = {isa = PBXBuildFile; fileRef = F3CD5BF31D7FBFDE0049DAF3 /* Assets.xcassets */; };
		F3CD5BF71D7FBFDE0049DAF3 /* LaunchScreen.storyboard in Resources */ = {isa = PBXBuildFile; fileRef = F3CD5BF51D7FBFDE0049DAF3 /* LaunchScreen.storyboard */; };
		F3CD5C021D7FBFDF0049DAF3 /* HYPageViewController_DemoTests.swift in Sources */ = {isa = PBXBuildFile; fileRef = F3CD5C011D7FBFDF0049DAF3 /* HYPageViewController_DemoTests.swift */; };
		F3CD5C0D1D7FBFDF0049DAF3 /* HYPageViewController_DemoUITests.swift in Sources */ = {isa = PBXBuildFile; fileRef = F3CD5C0C1D7FBFDF0049DAF3 /* HYPageViewController_DemoUITests.swift */; };
		F3CD5C1F1D7FC0A80049DAF3 /* HYPageViewController_one.swift in Sources */ = {isa = PBXBuildFile; fileRef = F3CD5C1E1D7FC0A80049DAF3 /* HYPageViewController_one.swift */; };
		F3CD5C211D7FC0B80049DAF3 /* TestViewController.swift in Sources */ = {isa = PBXBuildFile; fileRef = F3CD5C201D7FC0B80049DAF3 /* TestViewController.swift */; };
		F3CD5C231D7FFEEA0049DAF3 /* HYPageViewController_two.swift in Sources */ = {isa = PBXBuildFile; fileRef = F3CD5C221D7FFEEA0049DAF3 /* HYPageViewController_two.swift */; };
/* End PBXBuildFile section */

/* Begin PBXContainerItemProxy section */
		F3CD5BFE1D7FBFDF0049DAF3 /* PBXContainerItemProxy */ = {
			isa = PBXContainerItemProxy;
			containerPortal = F3CD5BE11D7FBFDE0049DAF3 /* Project object */;
			proxyType = 1;
			remoteGlobalIDString = F3CD5BE81D7FBFDE0049DAF3;
			remoteInfo = HYPageViewController_Demo;
		};
		F3CD5C091D7FBFDF0049DAF3 /* PBXContainerItemProxy */ = {
			isa = PBXContainerItemProxy;
			containerPortal = F3CD5BE11D7FBFDE0049DAF3 /* Project object */;
			proxyType = 1;
			remoteGlobalIDString = F3CD5BE81D7FBFDE0049DAF3;
			remoteInfo = HYPageViewController_Demo;
		};
/* End PBXContainerItemProxy section */

/* Begin PBXFileReference section */
		F3CD5BE91D7FBFDE0049DAF3 /* HYPageViewController_Demo.app */ = {isa = PBXFileReference; explicitFileType = wrapper.application; includeInIndex = 0; path = HYPageViewController_Demo.app; sourceTree = BUILT_PRODUCTS_DIR; };
		F3CD5BEC1D7FBFDE0049DAF3 /* AppDelegate.swift */ = {isa = PBXFileReference; lastKnownFileType = sourcecode.swift; path = AppDelegate.swift; sourceTree = "<group>"; };
		F3CD5BEE1D7FBFDE0049DAF3 /* ViewController.swift */ = {isa = PBXFileReference; lastKnownFileType = sourcecode.swift; path = ViewController.swift; sourceTree = "<group>"; };
		F3CD5BF11D7FBFDE0049DAF3 /* Base */ = {isa = PBXFileReference; lastKnownFileType = file.storyboard; name = Base; path = Base.lproj/Main.storyboard; sourceTree = "<group>"; };
		F3CD5BF31D7FBFDE0049DAF3 /* Assets.xcassets */ = {isa = PBXFileReference; lastKnownFileType = folder.assetcatalog; path = Assets.xcassets; sourceTree = "<group>"; };
		F3CD5BF61D7FBFDE0049DAF3 /* Base */ = {isa = PBXFileReference; lastKnownFileType = file.storyboard; name = Base; path = Base.lproj/LaunchScreen.storyboard; sourceTree = "<group>"; };
		F3CD5BF81D7FBFDE0049DAF3 /* Info.plist */ = {isa = PBXFileReference; lastKnownFileType = text.plist.xml; path = Info.plist; sourceTree = "<group>"; };
		F3CD5BFD1D7FBFDF0049DAF3 /* HYPageViewController_DemoTests.xctest */ = {isa = PBXFileReference; explicitFileType = wrapper.cfbundle; includeInIndex = 0; path = HYPageViewController_DemoTests.xctest; sourceTree = BUILT_PRODUCTS_DIR; };
		F3CD5C011D7FBFDF0049DAF3 /* HYPageViewController_DemoTests.swift */ = {isa = PBXFileReference; lastKnownFileType = sourcecode.swift; path = HYPageViewController_DemoTests.swift; sourceTree = "<group>"; };
		F3CD5C031D7FBFDF0049DAF3 /* Info.plist */ = {isa = PBXFileReference; lastKnownFileType = text.plist.xml; path = Info.plist; sourceTree = "<group>"; };
		F3CD5C081D7FBFDF0049DAF3 /* HYPageViewController_DemoUITests.xctest */ = {isa = PBXFileReference; explicitFileType = wrapper.cfbundle; includeInIndex = 0; path = HYPageViewController_DemoUITests.xctest; sourceTree = BUILT_PRODUCTS_DIR; };
		F3CD5C0C1D7FBFDF0049DAF3 /* HYPageViewController_DemoUITests.swift */ = {isa = PBXFileReference; lastKnownFileType = sourcecode.swift; path = HYPageViewController_DemoUITests.swift; sourceTree = "<group>"; };
		F3CD5C0E1D7FBFDF0049DAF3 /* Info.plist */ = {isa = PBXFileReference; lastKnownFileType = text.plist.xml; path = Info.plist; sourceTree = "<group>"; };
		F3CD5C1E1D7FC0A80049DAF3 /* HYPageViewController_one.swift */ = {isa = PBXFileReference; fileEncoding = 4; lastKnownFileType = sourcecode.swift; path = HYPageViewController_one.swift; sourceTree = "<group>"; };
		F3CD5C201D7FC0B80049DAF3 /* TestViewController.swift */ = {isa = PBXFileReference; fileEncoding = 4; lastKnownFileType = sourcecode.swift; path = TestViewController.swift; sourceTree = "<group>"; };
		F3CD5C221D7FFEEA0049DAF3 /* HYPageViewController_two.swift */ = {isa = PBXFileReference; fileEncoding = 4; lastKnownFileType = sourcecode.swift; path = HYPageViewController_two.swift; sourceTree = "<group>"; };
/* End PBXFileReference section */

/* Begin PBXFrameworksBuildPhase section */
		F3CD5BE61D7FBFDE0049DAF3 /* Frameworks */ = {
			isa = PBXFrameworksBuildPhase;
			buildActionMask = 2147483647;
			files = (
			);
			runOnlyForDeploymentPostprocessing = 0;
		};
		F3CD5BFA1D7FBFDF0049DAF3 /* Frameworks */ = {
			isa = PBXFrameworksBuildPhase;
			buildActionMask = 2147483647;
			files = (
			);
			runOnlyForDeploymentPostprocessing = 0;
		};
		F3CD5C051D7FBFDF0049DAF3 /* Frameworks */ = {
			isa = PBXFrameworksBuildPhase;
			buildActionMask = 2147483647;
			files = (
			);
			runOnlyForDeploymentPostprocessing = 0;
		};
/* End PBXFrameworksBuildPhase section */

/* Begin PBXGroup section */
		F3CD5BE01D7FBFDE0049DAF3 = {
			isa = PBXGroup;
			children = (
				F3CD5BEB1D7FBFDE0049DAF3 /* HYPageViewController_Demo */,
				F3CD5C001D7FBFDF0049DAF3 /* HYPageViewController_DemoTests */,
				F3CD5C0B1D7FBFDF0049DAF3 /* HYPageViewController_DemoUITests */,
				F3CD5BEA1D7FBFDE0049DAF3 /* Products */,
			);
			sourceTree = "<group>";
		};
		F3CD5BEA1D7FBFDE0049DAF3 /* Products */ = {
			isa = PBXGroup;
			children = (
				F3CD5BE91D7FBFDE0049DAF3 /* HYPageViewController_Demo.app */,
				F3CD5BFD1D7FBFDF0049DAF3 /* HYPageViewController_DemoTests.xctest */,
				F3CD5C081D7FBFDF0049DAF3 /* HYPageViewController_DemoUITests.xctest */,
			);
			name = Products;
			sourceTree = "<group>";
		};
		F3CD5BEB1D7FBFDE0049DAF3 /* HYPageViewController_Demo */ = {
			isa = PBXGroup;
			children = (
				F3CD5BEC1D7FBFDE0049DAF3 /* AppDelegate.swift */,
				F3CD5BEE1D7FBFDE0049DAF3 /* ViewController.swift */,
				F3CD5C1E1D7FC0A80049DAF3 /* HYPageViewController_one.swift */,
				F3CD5C221D7FFEEA0049DAF3 /* HYPageViewController_two.swift */,
				F3CD5C201D7FC0B80049DAF3 /* TestViewController.swift */,
				F3CD5BF01D7FBFDE0049DAF3 /* Main.storyboard */,
				F3CD5BF31D7FBFDE0049DAF3 /* Assets.xcassets */,
				F3CD5BF51D7FBFDE0049DAF3 /* LaunchScreen.storyboard */,
				F3CD5BF81D7FBFDE0049DAF3 /* Info.plist */,
			);
			path = HYPageViewController_Demo;
			sourceTree = "<group>";
		};
		F3CD5C001D7FBFDF0049DAF3 /* HYPageViewController_DemoTests */ = {
			isa = PBXGroup;
			children = (
				F3CD5C011D7FBFDF0049DAF3 /* HYPageViewController_DemoTests.swift */,
				F3CD5C031D7FBFDF0049DAF3 /* Info.plist */,
			);
			path = HYPageViewController_DemoTests;
			sourceTree = "<group>";
		};
		F3CD5C0B1D7FBFDF0049DAF3 /* HYPageViewController_DemoUITests */ = {
			isa = PBXGroup;
			children = (
				F3CD5C0C1D7FBFDF0049DAF3 /* HYPageViewController_DemoUITests.swift */,
				F3CD5C0E1D7FBFDF0049DAF3 /* Info.plist */,
			);
			path = HYPageViewController_DemoUITests;
			sourceTree = "<group>";
		};
/* End PBXGroup section */

/* Begin PBXNativeTarget section */
		F3CD5BE81D7FBFDE0049DAF3 /* HYPageViewController_Demo */ = {
			isa = PBXNativeTarget;
			buildConfigurationList = F3CD5C111D7FBFDF0049DAF3 /* Build configuration list for PBXNativeTarget "HYPageViewController_Demo" */;
			buildPhases = (
				F3CD5BE51D7FBFDE0049DAF3 /* Sources */,
				F3CD5BE61D7FBFDE0049DAF3 /* Frameworks */,
				F3CD5BE71D7FBFDE0049DAF3 /* Resources */,
			);
			buildRules = (
			);
			dependencies = (
			);
			name = HYPageViewController_Demo;
			productName = HYPageViewController_Demo;
			productReference = F3CD5BE91D7FBFDE0049DAF3 /* HYPageViewController_Demo.app */;
			productType = "com.apple.product-type.application";
		};
		F3CD5BFC1D7FBFDF0049DAF3 /* HYPageViewController_DemoTests */ = {
			isa = PBXNativeTarget;
			buildConfigurationList = F3CD5C141D7FBFDF0049DAF3 /* Build configuration list for PBXNativeTarget "HYPageViewController_DemoTests" */;
			buildPhases = (
				F3CD5BF91D7FBFDF0049DAF3 /* Sources */,
				F3CD5BFA1D7FBFDF0049DAF3 /* Frameworks */,
				F3CD5BFB1D7FBFDF0049DAF3 /* Resources */,
			);
			buildRules = (
			);
			dependencies = (
				F3CD5BFF1D7FBFDF0049DAF3 /* PBXTargetDependency */,
			);
			name = HYPageViewController_DemoTests;
			productName = HYPageViewController_DemoTests;
			productReference = F3CD5BFD1D7FBFDF0049DAF3 /* HYPageViewController_DemoTests.xctest */;
			productType = "com.apple.product-type.bundle.unit-test";
		};
		F3CD5C071D7FBFDF0049DAF3 /* HYPageViewController_DemoUITests */ = {
			isa = PBXNativeTarget;
			buildConfigurationList = F3CD5C171D7FBFDF0049DAF3 /* Build configuration list for PBXNativeTarget "HYPageViewController_DemoUITests" */;
			buildPhases = (
				F3CD5C041D7FBFDF0049DAF3 /* Sources */,
				F3CD5C051D7FBFDF0049DAF3 /* Frameworks */,
				F3CD5C061D7FBFDF0049DAF3 /* Resources */,
			);
			buildRules = (
			);
			dependencies = (
				F3CD5C0A1D7FBFDF0049DAF3 /* PBXTargetDependency */,
			);
			name = HYPageViewController_DemoUITests;
			productName = HYPageViewController_DemoUITests;
			productReference = F3CD5C081D7FBFDF0049DAF3 /* HYPageViewController_DemoUITests.xctest */;
			productType = "com.apple.product-type.bundle.ui-testing";
		};
/* End PBXNativeTarget section */

/* Begin PBXProject section */
		F3CD5BE11D7FBFDE0049DAF3 /* Project object */ = {
			isa = PBXProject;
			attributes = {
				LastSwiftUpdateCheck = 0730;
				LastUpgradeCheck = 0730;
				ORGANIZATIONNAME = hy;
				TargetAttributes = {
					F3CD5BE81D7FBFDE0049DAF3 = {
						CreatedOnToolsVersion = 7.3.1;
						DevelopmentTeam = AU8RZ26E3J;
					};
					F3CD5BFC1D7FBFDF0049DAF3 = {
						CreatedOnToolsVersion = 7.3.1;
						DevelopmentTeam = AU8RZ26E3J;
						TestTargetID = F3CD5BE81D7FBFDE0049DAF3;
					};
					F3CD5C071D7FBFDF0049DAF3 = {
						CreatedOnToolsVersion = 7.3.1;
						DevelopmentTeam = AU8RZ26E3J;
						TestTargetID = F3CD5BE81D7FBFDE0049DAF3;
					};
				};
			};
			buildConfigurationList = F3CD5BE41D7FBFDE0049DAF3 /* Build configuration list for PBXProject "HYPageViewController_Demo" */;
			compatibilityVersion = "Xcode 3.2";
			developmentRegion = English;
			hasScannedForEncodings = 0;
			knownRegions = (
				en,
				Base,
			);
			mainGroup = F3CD5BE01D7FBFDE0049DAF3;
			productRefGroup = F3CD5BEA1D7FBFDE0049DAF3 /* Products */;
			projectDirPath = "";
			projectRoot = "";
			targets = (
				F3CD5BE81D7FBFDE0049DAF3 /* HYPageViewController_Demo */,
				F3CD5BFC1D7FBFDF0049DAF3 /* HYPageViewController_DemoTests */,
				F3CD5C071D7FBFDF0049DAF3 /* HYPageViewController_DemoUITests */,
			);
		};
/* End PBXProject section */

/* Begin PBXResourcesBuildPhase section */
		F3CD5BE71D7FBFDE0049DAF3 /* Resources */ = {
			isa = PBXResourcesBuildPhase;
			buildActionMask = 2147483647;
			files = (
				F3CD5BF71D7FBFDE0049DAF3 /* LaunchScreen.storyboard in Resources */,
				F3CD5BF41D7FBFDE0049DAF3 /* Assets.xcassets in Resources */,
				F3CD5BF21D7FBFDE0049DAF3 /* Main.storyboard in Resources */,
			);
			runOnlyForDeploymentPostprocessing = 0;
		};
		F3CD5BFB1D7FBFDF0049DAF3 /* Resources */ = {
			isa = PBXResourcesBuildPhase;
			buildActionMask = 2147483647;
			files = (
			);
			runOnlyForDeploymentPostprocessing = 0;
		};
		F3CD5C061D7FBFDF0049DAF3 /* Resources */ = {
			isa = PBXResourcesBuildPhase;
			buildActionMask = 2147483647;
			files = (
			);
			runOnlyForDeploymentPostprocessing = 0;
		};
/* End PBXResourcesBuildPhase section */

/* Begin PBXSourcesBuildPhase section */
		F3CD5BE51D7FBFDE0049DAF3 /* Sources */ = {
			isa = PBXSourcesBuildPhase;
			buildActionMask = 2147483647;
			files = (
				F3CD5C231D7FFEEA0049DAF3 /* HYPageViewController_two.swift in Sources */,
				F3CD5C1F1D7FC0A80049DAF3 /* HYPageViewController_one.swift in Sources */,
				F3CD5BEF1D7FBFDE0049DAF3 /* ViewController.swift in Sources */,
				F3CD5C211D7FC0B80049DAF3 /* TestViewController.swift in Sources */,
				F3CD5BED1D7FBFDE0049DAF3 /* AppDelegate.swift in Sources */,
			);
			runOnlyForDeploymentPostprocessing = 0;
		};
		F3CD5BF91D7FBFDF0049DAF3 /* Sources */ = {
			isa = PBXSourcesBuildPhase;
			buildActionMask = 2147483647;
			files = (
				F3CD5C021D7FBFDF0049DAF3 /* HYPageViewController_DemoTests.swift in Sources */,
			);
			runOnlyForDeploymentPostprocessing = 0;
		};
		F3CD5C041D7FBFDF0049DAF3 /* Sources */ = {
			isa = PBXSourcesBuildPhase;
			buildActionMask = 2147483647;
			files = (
				F3CD5C0D1D7FBFDF0049DAF3 /* HYPageViewController_DemoUITests.swift in Sources */,
			);
			runOnlyForDeploymentPostprocessing = 0;
		};
/* End PBXSourcesBuildPhase section */

/* Begin PBXTargetDependency section */
		F3CD5BFF1D7FBFDF0049DAF3 /* PBXTargetDependency */ = {
			isa = PBXTargetDependency;
			target = F3CD5BE81D7FBFDE0049DAF3 /* HYPageViewController_Demo */;
			targetProxy = F3CD5BFE1D7FBFDF0049DAF3 /* PBXContainerItemProxy */;
		};
		F3CD5C0A1D7FBFDF0049DAF3 /* PBXTargetDependency */ = {
			isa = PBXTargetDependency;
			target = F3CD5BE81D7FBFDE0049DAF3 /* HYPageViewController_Demo */;
			targetProxy = F3CD5C091D7FBFDF0049DAF3 /* PBXContainerItemProxy */;
		};
/* End PBXTargetDependency section */

/* Begin PBXVariantGroup section */
		F3CD5BF01D7FBFDE0049DAF3 /* Main.storyboard */ = {
			isa = PBXVariantGroup;
			children = (
				F3CD5BF11D7FBFDE0049DAF3 /* Base */,
			);
			name = Main.storyboard;
			sourceTree = "<group>";
		};
		F3CD5BF51D7FBFDE0049DAF3 /* LaunchScreen.storyboard */ = {
			isa = PBXVariantGroup;
			children = (
				F3CD5BF61D7FBFDE0049DAF3 /* Base */,
			);
			name = LaunchScreen.storyboard;
			sourceTree = "<group>";
		};
/* End PBXVariantGroup section */

/* Begin XCBuildConfiguration section */
		F3CD5C0F1D7FBFDF0049DAF3 /* Debug */ = {
			isa = XCBuildConfiguration;
			buildSettings = {
				ALWAYS_SEARCH_USER_PATHS = NO;
				CLANG_ANALYZER_NONNULL = YES;
				CLANG_CXX_LANGUAGE_STANDARD = "gnu++0x";
				CLANG_CXX_LIBRARY = "libc++";
				CLANG_ENABLE_MODULES = YES;
				CLANG_ENABLE_OBJC_ARC = YES;
				CLANG_WARN_BOOL_CONVERSION = YES;
				CLANG_WARN_CONSTANT_CONVERSION = YES;
				CLANG_WARN_DIRECT_OBJC_ISA_USAGE = YES_ERROR;
				CLANG_WARN_EMPTY_BODY = YES;
				CLANG_WARN_ENUM_CONVERSION = YES;
				CLANG_WARN_INT_CONVERSION = YES;
				CLANG_WARN_OBJC_ROOT_CLASS = YES_ERROR;
				CLANG_WARN_UNREACHABLE_CODE = YES;
				CLANG_WARN__DUPLICATE_METHOD_MATCH = YES;
				"CODE_SIGN_IDENTITY[sdk=iphoneos*]" = "iPhone Developer";
				COPY_PHASE_STRIP = NO;
				DEBUG_INFORMATION_FORMAT = dwarf;
				ENABLE_STRICT_OBJC_MSGSEND = YES;
				ENABLE_TESTABILITY = YES;
				GCC_C_LANGUAGE_STANDARD = gnu99;
				GCC_DYNAMIC_NO_PIC = NO;
				GCC_NO_COMMON_BLOCKS = YES;
				GCC_OPTIMIZATION_LEVEL = 0;
				GCC_PREPROCESSOR_DEFINITIONS = (
					"DEBUG=1",
					"$(inherited)",
				);
				GCC_WARN_64_TO_32_BIT_CONVERSION = YES;
				GCC_WARN_ABOUT_RETURN_TYPE = YES_ERROR;
				GCC_WARN_UNDECLARED_SELECTOR = YES;
				GCC_WARN_UNINITIALIZED_AUTOS = YES_AGGRESSIVE;
				GCC_WARN_UNUSED_FUNCTION = YES;
				GCC_WARN_UNUSED_VARIABLE = YES;
				IPHONEOS_DEPLOYMENT_TARGET = 9.3;
				MTL_ENABLE_DEBUG_INFO = YES;
				ONLY_ACTIVE_ARCH = YES;
				SDKROOT = iphoneos;
				SWIFT_OPTIMIZATION_LEVEL = "-Onone";
				TARGETED_DEVICE_FAMILY = "1,2";
			};
			name = Debug;
		};
		F3CD5C101D7FBFDF0049DAF3 /* Release */ = {
			isa = XCBuildConfiguration;
			buildSettings = {
				ALWAYS_SEARCH_USER_PATHS = NO;
				CLANG_ANALYZER_NONNULL = YES;
				CLANG_CXX_LANGUAGE_STANDARD = "gnu++0x";
				CLANG_CXX_LIBRARY = "libc++";
				CLANG_ENABLE_MODULES = YES;
				CLANG_ENABLE_OBJC_ARC = YES;
				CLANG_WARN_BOOL_CONVERSION = YES;
				CLANG_WARN_CONSTANT_CONVERSION = YES;
				CLANG_WARN_DIRECT_OBJC_ISA_USAGE = YES_ERROR;
				CLANG_WARN_EMPTY_BODY = YES;
				CLANG_WARN_ENUM_CONVERSION = YES;
				CLANG_WARN_INT_CONVERSION = YES;
				CLANG_WARN_OBJC_ROOT_CLASS = YES_ERROR;
				CLANG_WARN_UNREACHABLE_CODE = YES;
				CLANG_WARN__DUPLICATE_METHOD_MATCH = YES;
				"CODE_SIGN_IDENTITY[sdk=iphoneos*]" = "iPhone Developer";
				COPY_PHASE_STRIP = NO;
				DEBUG_INFORMATION_FORMAT = "dwarf-with-dsym";
				ENABLE_NS_ASSERTIONS = NO;
				ENABLE_STRICT_OBJC_MSGSEND = YES;
				GCC_C_LANGUAGE_STANDARD = gnu99;
				GCC_NO_COMMON_BLOCKS = YES;
				GCC_WARN_64_TO_32_BIT_CONVERSION = YES;
				GCC_WARN_ABOUT_RETURN_TYPE = YES_ERROR;
				GCC_WARN_UNDECLARED_SELECTOR = YES;
				GCC_WARN_UNINITIALIZED_AUTOS = YES_AGGRESSIVE;
				GCC_WARN_UNUSED_FUNCTION = YES;
				GCC_WARN_UNUSED_VARIABLE = YES;
				IPHONEOS_DEPLOYMENT_TARGET = 9.3;
				MTL_ENABLE_DEBUG_INFO = NO;
				SDKROOT = iphoneos;
				TARGETED_DEVICE_FAMILY = "1,2";
				VALIDATE_PRODUCT = YES;
			};
			name = Release;
		};
		F3CD5C121D7FBFDF0049DAF3 /* Debug */ = {
			isa = XCBuildConfiguration;
			buildSettings = {
				ASSETCATALOG_COMPILER_APPICON_NAME = AppIcon;
				INFOPLIST_FILE = HYPageViewController_Demo/Info.plist;
				LD_RUNPATH_SEARCH_PATHS = "$(inherited) @executable_path/Frameworks";
				PRODUCT_BUNDLE_IDENTIFIER = "hdvg.tv.HYPageViewController-Demo";
				PRODUCT_NAME = "$(TARGET_NAME)";
			};
			name = Debug;
		};
		F3CD5C131D7FBFDF0049DAF3 /* Release */ = {
			isa = XCBuildConfiguration;
			buildSettings = {
				ASSETCATALOG_COMPILER_APPICON_NAME = AppIcon;
				INFOPLIST_FILE = HYPageViewController_Demo/Info.plist;
				LD_RUNPATH_SEARCH_PATHS = "$(inherited) @executable_path/Frameworks";
				PRODUCT_BUNDLE_IDENTIFIER = "hdvg.tv.HYPageViewController-Demo";
				PRODUCT_NAME = "$(TARGET_NAME)";
			};
			name = Release;
		};
		F3CD5C151D7FBFDF0049DAF3 /* Debug */ = {
			isa = XCBuildConfiguration;
			buildSettings = {
				BUNDLE_LOADER = "$(TEST_HOST)";
				INFOPLIST_FILE = HYPageViewController_DemoTests/Info.plist;
				LD_RUNPATH_SEARCH_PATHS = "$(inherited) @executable_path/Frameworks @loader_path/Frameworks";
				PRODUCT_BUNDLE_IDENTIFIER = "hdvg.tv.HYPageViewController-DemoTests";
				PRODUCT_NAME = "$(TARGET_NAME)";
				TEST_HOST = "$(BUILT_PRODUCTS_DIR)/HYPageViewController_Demo.app/HYPageViewController_Demo";
			};
			name = Debug;
		};
		F3CD5C161D7FBFDF0049DAF3 /* Release */ = {
			isa = XCBuildConfiguration;
			buildSettings = {
				BUNDLE_LOADER = "$(TEST_HOST)";
				INFOPLIST_FILE = HYPageViewController_DemoTests/Info.plist;
				LD_RUNPATH_SEARCH_PATHS = "$(inherited) @executable_path/Frameworks @loader_path/Frameworks";
				PRODUCT_BUNDLE_IDENTIFIER = "hdvg.tv.HYPageViewController-DemoTests";
				PRODUCT_NAME = "$(TARGET_NAME)";
				TEST_HOST = "$(BUILT_PRODUCTS_DIR)/HYPageViewController_Demo.app/HYPageViewController_Demo";
			};
			name = Release;
		};
		F3CD5C181D7FBFDF0049DAF3 /* Debug */ = {
			isa = XCBuildConfiguration;
			buildSettings = {
				INFOPLIST_FILE = HYPageViewController_DemoUITests/Info.plist;
				LD_RUNPATH_SEARCH_PATHS = "$(inherited) @executable_path/Frameworks @loader_path/Frameworks";
				PRODUCT_BUNDLE_IDENTIFIER = "hdvg.tv.HYPageViewController-DemoUITests";
				PRODUCT_NAME = "$(TARGET_NAME)";
				TEST_TARGET_NAME = HYPageViewController_Demo;
			};
			name = Debug;
		};
		F3CD5C191D7FBFDF0049DAF3 /* Release */ = {
			isa = XCBuildConfiguration;
			buildSettings = {
				INFOPLIST_FILE = HYPageViewController_DemoUITests/Info.plist;
				LD_RUNPATH_SEARCH_PATHS = "$(inherited) @executable_path/Frameworks @loader_path/Frameworks";
				PRODUCT_BUNDLE_IDENTIFIER = "hdvg.tv.HYPageViewController-DemoUITests";
				PRODUCT_NAME = "$(TARGET_NAME)";
				TEST_TARGET_NAME = HYPageViewController_Demo;
			};
			name = Release;
		};
/* End XCBuildConfiguration section */

/* Begin XCConfigurationList section */
		F3CD5BE41D7FBFDE0049DAF3 /* Build configuration list for PBXProject "HYPageViewController_Demo" */ = {
			isa = XCConfigurationList;
			buildConfigurations = (
				F3CD5C0F1D7FBFDF0049DAF3 /* Debug */,
				F3CD5C101D7FBFDF0049DAF3 /* Release */,
			);
			defaultConfigurationIsVisible = 0;
			defaultConfigurationName = Release;
		};
		F3CD5C111D7FBFDF0049DAF3 /* Build configuration list for PBXNativeTarget "HYPageViewController_Demo" */ = {
			isa = XCConfigurationList;
			buildConfigurations = (
				F3CD5C121D7FBFDF0049DAF3 /* Debug */,
				F3CD5C131D7FBFDF0049DAF3 /* Release */,
			);
			defaultConfigurationIsVisible = 0;
		};
		F3CD5C141D7FBFDF0049DAF3 /* Build configuration list for PBXNativeTarget "HYPageViewController_DemoTests" */ = {
			isa = XCConfigurationList;
			buildConfigurations = (
				F3CD5C151D7FBFDF0049DAF3 /* Debug */,
				F3CD5C161D7FBFDF0049DAF3 /* Release */,
			);
			defaultConfigurationIsVisible = 0;
		};
		F3CD5C171D7FBFDF0049DAF3 /* Build configuration list for PBXNativeTarget "HYPageViewController_DemoUITests" */ = {
			isa = XCConfigurationList;
			buildConfigurations = (
				F3CD5C181D7FBFDF0049DAF3 /* Debug */,
				F3CD5C191D7FBFDF0049DAF3 /* Release */,
			);
			defaultConfigurationIsVisible = 0;
		};
/* End XCConfigurationList section */
	};
	rootObject = F3CD5BE11D7FBFDE0049DAF3 /* Project object */;
}
